
Microsoft Visual Studio Solution File, Format Version 12.00
# Visual Studio Version 17
VisualStudioVersion = 17.6.33815.320
MinimumVisualStudioVersion = 10.0.40219.1
Project("{FAE04EC0-301F-11D3-BF4B-00C04F79EFBC}") = "ResourceManager", "ResourceManager\ResourceManager.csproj", "{E3847786-E920-427D-8E03-FF3ADDDC96E1}"
EndProject
Project("{FAE04EC0-301F-11D3-BF4B-00C04F79EFBC}") = "POS_Core", "PrimePOS_Core\POS_Core.csproj", "{16828A07-58A9-4E49-B29D-67D0D80F50BA}"
EndProject
Project("{FAE04EC0-301F-11D3-BF4B-00C04F79EFBC}") = "POS_Core_UI", "POS_Core_UI\POS_Core_UI.csproj", "{8B2E24F4-1F64-40D1-A71C-E333B46FCBB8}"
EndProject
Project("{FAE04EC0-301F-11D3-BF4B-00C04F79EFBC}") = "PrimePOS", "PrimePOS_Lite\PrimePOS.csproj", "{CE226B58-9450-405F-B6FC-064464C84B0E}"
EndProject
Project("{FAE04EC0-301F-11D3-BF4B-00C04F79EFBC}") = "AppStarterPOS", "AppStarterPOS\AppStarterPOS.csproj", "{1C2BCB8B-D599-4D9C-AB7A-B6B9E592A428}"
EndProject
Project("{FAE04EC0-301F-11D3-BF4B-00C04F79EFBC}") = "MMSAppUpdater", "MMSAppUpdater\MMSAppUpdater.csproj", "{7B8E63A7-89A9-4E4D-B6CB-231A4BA1C225}"
EndProject
Project("{FAE04EC0-301F-11D3-BF4B-00C04F79EFBC}") = "PharmData", "..\PharmData\PharmData.csproj", "{3E678125-3370-450D-8DFF-42824B4A3A90}"
EndProject
Project("{FAE04EC0-301F-11D3-BF4B-00C04F79EFBC}") = "Vantiv", "..\Vantiv\Vantiv.csproj", "{30E027D3-9073-43B2-8548-3C1401DF64AC}"
EndProject
Project("{FAE04EC0-301F-11D3-BF4B-00C04F79EFBC}") = "Elavon", "..\Elavon\Elavon.csproj", "{6CD1A7AF-4231-48A8-9F82-4BACE0557331}"
EndProject
Project("{FAE04EC0-301F-11D3-BF4B-00C04F79EFBC}") = "Evertech", "..\Evertech\Evertech.csproj", "{1997706B-3318-48B0-A99C-0B5EF4F8E3CB}"
EndProject
Project("{FAE04EC0-301F-11D3-BF4B-00C04F79EFBC}") = "MMS.GlobalPayments.Api", "..\MMS.GlobalPayments.Api\MMS.GlobalPayments.Api.csproj", "{522680BF-D0C0-4825-B006-423363CA5D2A}"
EndProject
Project("{FAE04EC0-301F-11D3-BF4B-00C04F79EFBC}") = "SigDiplay", "..\SigDiplay\SigDiplay.csproj", "{C62F5913-4291-4C8C-9D79-4680DB7D3BF6}"
EndProject
Project("{FAE04EC0-301F-11D3-BF4B-00C04F79EFBC}") = "PrimeRxPayProcessor", "..\PrimeRxPayProcessor\PrimeRxPayProcessor.csproj", "{0B77F185-B859-4546-B2E2-B8EEAE288204}"
EndProject
Project("{FAE04EC0-301F-11D3-BF4B-00C04F79EFBC}") = "MMS.Device", "..\MMS.Device\MMS.Device\MMS.Device.csproj", "{D272E97C-2EE2-49A7-BFFE-84F180C7F6EC}"
EndProject
Project("{FAE04EC0-301F-11D3-BF4B-00C04F79EFBC}") = "FirstMile", "..\PaySystem\FirstMile\FirstMile.csproj", "{BF26A7DD-C204-49D0-BDE1-8966F2E18331}"
EndProject
Project("{FAE04EC0-301F-11D3-BF4B-00C04F79EFBC}") = "EDevice", "..\PaySystem\Devices\EDevice.csproj", "{7E86E2DE-C042-4BF0-9737-3FA32DD8351B}"
EndProject
Project("{FAE04EC0-301F-11D3-BF4B-00C04F79EFBC}") = "MMS.EVERTEC", "..\MMS.PAYMENTSVR\MMS.EVERTEC\MMS.EVERTEC.csproj", "{81159BCD-C1EA-44A0-BD80-B51B0F165412}"
EndProject
Project("{FAE04EC0-301F-11D3-BF4B-00C04F79EFBC}") = "MMS.HPS", "..\MMS.PAYMENTSVR\MMS.HPS\MMS.HPS.csproj", "{76CD9193-00CA-4805-B0D8-40F95086FE29}"
EndProject
Project("{FAE04EC0-301F-11D3-BF4B-00C04F79EFBC}") = "MMS.HPSPAX", "..\MMS.PAYMENTSVR\MMS.HPSPAX\MMS.HPSPAX.csproj", "{DEA2F6B2-5DCD-46D5-94D8-922CEA6196E2}"
EndProject
Project("{FAE04EC0-301F-11D3-BF4B-00C04F79EFBC}") = "MMS.PCCHARGE", "..\MMS.PAYMENTSVR\MMS.PCCHARGE\MMS.PCCHARGE.csproj", "{BDF5A71F-B58C-48BC-AD2E-D8E611C342E9}"
EndProject
Project("{FAE04EC0-301F-11D3-BF4B-00C04F79EFBC}") = "MMS.PrimeRxPay", "..\MMS.PAYMENTSVR\MMS.PrimeRxPay\MMS.PrimeRxPay.csproj", "{0AAA83CA-0090-48BE-B5FD-988B381B2D2A}"
EndProject
Project("{FAE04EC0-301F-11D3-BF4B-00C04F79EFBC}") = "MMS.PROCESSOR", "..\MMS.PAYMENTSVR\MMS.PROCESSOR\MMS.PROCESSOR.csproj", "{68AB0487-DC99-42A6-933D-95D30CE0B418}"
EndProject
Project("{FAE04EC0-301F-11D3-BF4B-00C04F79EFBC}") = "MMS.VANTIV", "..\MMS.PAYMENTSVR\MMS.Vantiv\MMS.VANTIV.csproj", "{4BB03078-F8BE-4F0E-88CC-24939EE750D2}"
EndProject
Project("{FAE04EC0-301F-11D3-BF4B-00C04F79EFBC}") = "MMS.XCHARGE", "..\MMS.PAYMENTSVR\MMS.XCHARGE\MMS.XCHARGE.csproj", "{28D3A313-5AFE-430F-B7A1-BA4512E7D695}"
EndProject
Project("{FAE04EC0-301F-11D3-BF4B-00C04F79EFBC}") = "MMS.XLINK", "..\MMS.PAYMENTSVR\MMS.XLINK\MMS.XLINK.csproj", "{65642FE3-9281-492A-ABBC-89C737F103C3}"
EndProject
Project("{FAE04EC0-301F-11D3-BF4B-00C04F79EFBC}") = "PossqlData", "..\MMS.PAYMENTSVR\PossqlData\PossqlData.csproj", "{7CACB82D-919D-4036-B4AC-32F313953E73}"
EndProject
Project("{FAE04EC0-301F-11D3-BF4B-00C04F79EFBC}") = "Solutran", "..\MMS.PAYMENTSVR\Soltran\Solutran.csproj", "{2428CAA5-EDA4-44B5-A11D-2E8796D31D08}"
EndProject
Project("{FAE04EC0-301F-11D3-BF4B-00C04F79EFBC}") = "MMS.PAYMENT", "..\MMS.PAYMENTSVR\MMS.PAYMENT\MMS.PAYMENT.csproj", "{C7AFAC56-2268-4A2C-BFBF-3192FCBA49F9}"
EndProject
Project("{FAE04EC0-301F-11D3-BF4B-00C04F79EFBC}") = "MMS.ELAVON", "..\MMS.ELAVON\MMS.ELAVON.csproj", "{4E664817-6367-424D-8950-7395E69716CA}"
EndProject
Project("{FAE04EC0-301F-11D3-BF4B-00C04F79EFBC}") = "Log.Net", "..\PaySystem\Log.Net\Log.Net.csproj", "{866A768E-97A3-4E8C-985F-23F0A33B211F}"
EndProject
Project("{FAE04EC0-301F-11D3-BF4B-00C04F79EFBC}") = "AppLogger", "..\MMS.PAYMENTSVR\AppLogger\AppLogger.csproj", "{BFF6C96C-9E92-4FC8-85B9-BBE9EDFD89CB}"
EndProject
Project("{FAE04EC0-301F-11D3-BF4B-00C04F79EFBC}") = "NBS", "..\NBS\NBS.csproj", "{0BE54D82-F4CA-4730-A259-114BFE9E018F}"
EndProject
Global
	GlobalSection(SolutionConfigurationPlatforms) = preSolution
		Debug|Any CPU = Debug|Any CPU
		Debug|x86 = Debug|x86
		Release|Any CPU = Release|Any CPU
		Release|x86 = Release|x86
	EndGlobalSection
	GlobalSection(ProjectConfigurationPlatforms) = postSolution
		{E3847786-E920-427D-8E03-FF3ADDDC96E1}.Debug|Any CPU.ActiveCfg = Debug|Any CPU
		{E3847786-E920-427D-8E03-FF3ADDDC96E1}.Debug|Any CPU.Build.0 = Debug|Any CPU
		{E3847786-E920-427D-8E03-FF3ADDDC96E1}.Debug|x86.ActiveCfg = Debug|x86
		{E3847786-E920-427D-8E03-FF3ADDDC96E1}.Debug|x86.Build.0 = Debug|x86
		{E3847786-E920-427D-8E03-FF3ADDDC96E1}.Release|Any CPU.ActiveCfg = Release|Any CPU
		{E3847786-E920-427D-8E03-FF3ADDDC96E1}.Release|Any CPU.Build.0 = Release|Any CPU
		{E3847786-E920-427D-8E03-FF3ADDDC96E1}.Release|x86.ActiveCfg = Release|x86
		{E3847786-E920-427D-8E03-FF3ADDDC96E1}.Release|x86.Build.0 = Release|x86
		{16828A07-58A9-4E49-B29D-67D0D80F50BA}.Debug|Any CPU.ActiveCfg = Debug|Any CPU
		{16828A07-58A9-4E49-B29D-67D0D80F50BA}.Debug|Any CPU.Build.0 = Debug|Any CPU
		{16828A07-58A9-4E49-B29D-67D0D80F50BA}.Debug|x86.ActiveCfg = Debug|Any CPU
		{16828A07-58A9-4E49-B29D-67D0D80F50BA}.Debug|x86.Build.0 = Debug|Any CPU
		{16828A07-58A9-4E49-B29D-67D0D80F50BA}.Release|Any CPU.ActiveCfg = Release|Any CPU
		{16828A07-58A9-4E49-B29D-67D0D80F50BA}.Release|Any CPU.Build.0 = Release|Any CPU
		{16828A07-58A9-4E49-B29D-67D0D80F50BA}.Release|x86.ActiveCfg = Release|Any CPU
		{16828A07-58A9-4E49-B29D-67D0D80F50BA}.Release|x86.Build.0 = Release|Any CPU
		{8B2E24F4-1F64-40D1-A71C-E333B46FCBB8}.Debug|Any CPU.ActiveCfg = Debug|Any CPU
		{8B2E24F4-1F64-40D1-A71C-E333B46FCBB8}.Debug|Any CPU.Build.0 = Debug|Any CPU
		{8B2E24F4-1F64-40D1-A71C-E333B46FCBB8}.Debug|x86.ActiveCfg = Debug|Any CPU
		{8B2E24F4-1F64-40D1-A71C-E333B46FCBB8}.Debug|x86.Build.0 = Debug|Any CPU
		{8B2E24F4-1F64-40D1-A71C-E333B46FCBB8}.Release|Any CPU.ActiveCfg = Release|Any CPU
		{8B2E24F4-1F64-40D1-A71C-E333B46FCBB8}.Release|Any CPU.Build.0 = Release|Any CPU
		{8B2E24F4-1F64-40D1-A71C-E333B46FCBB8}.Release|x86.ActiveCfg = Release|Any CPU
		{8B2E24F4-1F64-40D1-A71C-E333B46FCBB8}.Release|x86.Build.0 = Release|Any CPU
		{CE226B58-9450-405F-B6FC-064464C84B0E}.Debug|Any CPU.ActiveCfg = Debug|Any CPU
		{CE226B58-9450-405F-B6FC-064464C84B0E}.Debug|Any CPU.Build.0 = Debug|Any CPU
		{CE226B58-9450-405F-B6FC-064464C84B0E}.Debug|x86.ActiveCfg = Debug|Any CPU
		{CE226B58-9450-405F-B6FC-064464C84B0E}.Debug|x86.Build.0 = Debug|Any CPU
		{CE226B58-9450-405F-B6FC-064464C84B0E}.Release|Any CPU.ActiveCfg = Release|Any CPU
		{CE226B58-9450-405F-B6FC-064464C84B0E}.Release|Any CPU.Build.0 = Release|Any CPU
		{CE226B58-9450-405F-B6FC-064464C84B0E}.Release|x86.ActiveCfg = Release|Any CPU
		{CE226B58-9450-405F-B6FC-064464C84B0E}.Release|x86.Build.0 = Release|Any CPU
		{1C2BCB8B-D599-4D9C-AB7A-B6B9E592A428}.Debug|Any CPU.ActiveCfg = Debug|Any CPU
		{1C2BCB8B-D599-4D9C-AB7A-B6B9E592A428}.Debug|Any CPU.Build.0 = Debug|Any CPU
		{1C2BCB8B-D599-4D9C-AB7A-B6B9E592A428}.Debug|x86.ActiveCfg = Debug|x86
		{1C2BCB8B-D599-4D9C-AB7A-B6B9E592A428}.Debug|x86.Build.0 = Debug|x86
		{1C2BCB8B-D599-4D9C-AB7A-B6B9E592A428}.Release|Any CPU.ActiveCfg = Release|Any CPU
		{1C2BCB8B-D599-4D9C-AB7A-B6B9E592A428}.Release|Any CPU.Build.0 = Release|Any CPU
		{1C2BCB8B-D599-4D9C-AB7A-B6B9E592A428}.Release|x86.ActiveCfg = Release|x86
		{1C2BCB8B-D599-4D9C-AB7A-B6B9E592A428}.Release|x86.Build.0 = Release|x86
		{7B8E63A7-89A9-4E4D-B6CB-231A4BA1C225}.Debug|Any CPU.ActiveCfg = Debug|Any CPU
		{7B8E63A7-89A9-4E4D-B6CB-231A4BA1C225}.Debug|Any CPU.Build.0 = Debug|Any CPU
		{7B8E63A7-89A9-4E4D-B6CB-231A4BA1C225}.Debug|x86.ActiveCfg = Debug|x86
		{7B8E63A7-89A9-4E4D-B6CB-231A4BA1C225}.Debug|x86.Build.0 = Debug|x86
		{7B8E63A7-89A9-4E4D-B6CB-231A4BA1C225}.Release|Any CPU.ActiveCfg = Release|Any CPU
		{7B8E63A7-89A9-4E4D-B6CB-231A4BA1C225}.Release|Any CPU.Build.0 = Release|Any CPU
		{7B8E63A7-89A9-4E4D-B6CB-231A4BA1C225}.Release|x86.ActiveCfg = Release|x86
		{7B8E63A7-89A9-4E4D-B6CB-231A4BA1C225}.Release|x86.Build.0 = Release|x86
		{3E678125-3370-450D-8DFF-42824B4A3A90}.Debug|Any CPU.ActiveCfg = Debug|Any CPU
		{3E678125-3370-450D-8DFF-42824B4A3A90}.Debug|Any CPU.Build.0 = Debug|Any CPU
		{3E678125-3370-450D-8DFF-42824B4A3A90}.Debug|x86.ActiveCfg = Debug|x86
		{3E678125-3370-450D-8DFF-42824B4A3A90}.Debug|x86.Build.0 = Debug|x86
		{3E678125-3370-450D-8DFF-42824B4A3A90}.Release|Any CPU.ActiveCfg = Release|Any CPU
		{3E678125-3370-450D-8DFF-42824B4A3A90}.Release|Any CPU.Build.0 = Release|Any CPU
		{3E678125-3370-450D-8DFF-42824B4A3A90}.Release|x86.ActiveCfg = Release|x86
		{3E678125-3370-450D-8DFF-42824B4A3A90}.Release|x86.Build.0 = Release|x86
		{30E027D3-9073-43B2-8548-3C1401DF64AC}.Debug|Any CPU.ActiveCfg = Debug|Any CPU
		{30E027D3-9073-43B2-8548-3C1401DF64AC}.Debug|Any CPU.Build.0 = Debug|Any CPU
		{30E027D3-9073-43B2-8548-3C1401DF64AC}.Debug|x86.ActiveCfg = Debug|Any CPU
		{30E027D3-9073-43B2-8548-3C1401DF64AC}.Debug|x86.Build.0 = Debug|Any CPU
		{30E027D3-9073-43B2-8548-3C1401DF64AC}.Release|Any CPU.ActiveCfg = Release|Any CPU
		{30E027D3-9073-43B2-8548-3C1401DF64AC}.Release|Any CPU.Build.0 = Release|Any CPU
		{30E027D3-9073-43B2-8548-3C1401DF64AC}.Release|x86.ActiveCfg = Release|Any CPU
		{30E027D3-9073-43B2-8548-3C1401DF64AC}.Release|x86.Build.0 = Release|Any CPU
		{6CD1A7AF-4231-48A8-9F82-4BACE0557331}.Debug|Any CPU.ActiveCfg = Debug|Any CPU
		{6CD1A7AF-4231-48A8-9F82-4BACE0557331}.Debug|Any CPU.Build.0 = Debug|Any CPU
		{6CD1A7AF-4231-48A8-9F82-4BACE0557331}.Debug|x86.ActiveCfg = Debug|Any CPU
		{6CD1A7AF-4231-48A8-9F82-4BACE0557331}.Debug|x86.Build.0 = Debug|Any CPU
		{6CD1A7AF-4231-48A8-9F82-4BACE0557331}.Release|Any CPU.ActiveCfg = Release|Any CPU
		{6CD1A7AF-4231-48A8-9F82-4BACE0557331}.Release|Any CPU.Build.0 = Release|Any CPU
		{6CD1A7AF-4231-48A8-9F82-4BACE0557331}.Release|x86.ActiveCfg = Release|Any CPU
		{6CD1A7AF-4231-48A8-9F82-4BACE0557331}.Release|x86.Build.0 = Release|Any CPU
		{1997706B-3318-48B0-A99C-0B5EF4F8E3CB}.Debug|Any CPU.ActiveCfg = Debug|Any CPU
		{1997706B-3318-48B0-A99C-0B5EF4F8E3CB}.Debug|Any CPU.Build.0 = Debug|Any CPU
		{1997706B-3318-48B0-A99C-0B5EF4F8E3CB}.Debug|x86.ActiveCfg = Debug|Any CPU
		{1997706B-3318-48B0-A99C-0B5EF4F8E3CB}.Debug|x86.Build.0 = Debug|Any CPU
		{1997706B-3318-48B0-A99C-0B5EF4F8E3CB}.Release|Any CPU.ActiveCfg = Release|Any CPU
		{1997706B-3318-48B0-A99C-0B5EF4F8E3CB}.Release|Any CPU.Build.0 = Release|Any CPU
		{1997706B-3318-48B0-A99C-0B5EF4F8E3CB}.Release|x86.ActiveCfg = Release|Any CPU
		{1997706B-3318-48B0-A99C-0B5EF4F8E3CB}.Release|x86.Build.0 = Release|Any CPU
		{522680BF-D0C0-4825-B006-423363CA5D2A}.Debug|Any CPU.ActiveCfg = Debug|Any CPU
		{522680BF-D0C0-4825-B006-423363CA5D2A}.Debug|Any CPU.Build.0 = Debug|Any CPU
		{522680BF-D0C0-4825-B006-423363CA5D2A}.Debug|x86.ActiveCfg = Debug|Any CPU
		{522680BF-D0C0-4825-B006-423363CA5D2A}.Debug|x86.Build.0 = Debug|Any CPU
		{522680BF-D0C0-4825-B006-423363CA5D2A}.Release|Any CPU.ActiveCfg = Release|Any CPU
		{522680BF-D0C0-4825-B006-423363CA5D2A}.Release|Any CPU.Build.0 = Release|Any CPU
		{522680BF-D0C0-4825-B006-423363CA5D2A}.Release|x86.ActiveCfg = Release|Any CPU
		{522680BF-D0C0-4825-B006-423363CA5D2A}.Release|x86.Build.0 = Release|Any CPU
		{C62F5913-4291-4C8C-9D79-4680DB7D3BF6}.Debug|Any CPU.ActiveCfg = Debug|Any CPU
		{C62F5913-4291-4C8C-9D79-4680DB7D3BF6}.Debug|Any CPU.Build.0 = Debug|Any CPU
		{C62F5913-4291-4C8C-9D79-4680DB7D3BF6}.Debug|x86.ActiveCfg = Debug|Any CPU
		{C62F5913-4291-4C8C-9D79-4680DB7D3BF6}.Debug|x86.Build.0 = Debug|Any CPU
		{C62F5913-4291-4C8C-9D79-4680DB7D3BF6}.Release|Any CPU.ActiveCfg = Release|Any CPU
		{C62F5913-4291-4C8C-9D79-4680DB7D3BF6}.Release|Any CPU.Build.0 = Release|Any CPU
		{C62F5913-4291-4C8C-9D79-4680DB7D3BF6}.Release|x86.ActiveCfg = Release|Any CPU
		{C62F5913-4291-4C8C-9D79-4680DB7D3BF6}.Release|x86.Build.0 = Release|Any CPU
		{0B77F185-B859-4546-B2E2-B8EEAE288204}.Debug|Any CPU.ActiveCfg = Debug|Any CPU
		{0B77F185-B859-4546-B2E2-B8EEAE288204}.Debug|Any CPU.Build.0 = Debug|Any CPU
		{0B77F185-B859-4546-B2E2-B8EEAE288204}.Debug|x86.ActiveCfg = Debug|Any CPU
		{0B77F185-B859-4546-B2E2-B8EEAE288204}.Debug|x86.Build.0 = Debug|Any CPU
		{0B77F185-B859-4546-B2E2-B8EEAE288204}.Release|Any CPU.ActiveCfg = Release|Any CPU
		{0B77F185-B859-4546-B2E2-B8EEAE288204}.Release|Any CPU.Build.0 = Release|Any CPU
		{0B77F185-B859-4546-B2E2-B8EEAE288204}.Release|x86.ActiveCfg = Release|Any CPU
		{0B77F185-B859-4546-B2E2-B8EEAE288204}.Release|x86.Build.0 = Release|Any CPU
		{D272E97C-2EE2-49A7-BFFE-84F180C7F6EC}.Debug|Any CPU.ActiveCfg = Debug|Any CPU
		{D272E97C-2EE2-49A7-BFFE-84F180C7F6EC}.Debug|Any CPU.Build.0 = Debug|Any CPU
		{D272E97C-2EE2-49A7-BFFE-84F180C7F6EC}.Debug|x86.ActiveCfg = Debug|x86
		{D272E97C-2EE2-49A7-BFFE-84F180C7F6EC}.Debug|x86.Build.0 = Debug|x86
		{D272E97C-2EE2-49A7-BFFE-84F180C7F6EC}.Release|Any CPU.ActiveCfg = Release|Any CPU
		{D272E97C-2EE2-49A7-BFFE-84F180C7F6EC}.Release|Any CPU.Build.0 = Release|Any CPU
		{D272E97C-2EE2-49A7-BFFE-84F180C7F6EC}.Release|x86.ActiveCfg = Release|x86
		{D272E97C-2EE2-49A7-BFFE-84F180C7F6EC}.Release|x86.Build.0 = Release|x86
		{BF26A7DD-C204-49D0-BDE1-8966F2E18331}.Debug|Any CPU.ActiveCfg = Debug|Any CPU
		{BF26A7DD-C204-49D0-BDE1-8966F2E18331}.Debug|Any CPU.Build.0 = Debug|Any CPU
		{BF26A7DD-C204-49D0-BDE1-8966F2E18331}.Debug|x86.ActiveCfg = Debug|x86
		{BF26A7DD-C204-49D0-BDE1-8966F2E18331}.Debug|x86.Build.0 = Debug|x86
		{BF26A7DD-C204-49D0-BDE1-8966F2E18331}.Release|Any CPU.ActiveCfg = Release|Any CPU
		{BF26A7DD-C204-49D0-BDE1-8966F2E18331}.Release|Any CPU.Build.0 = Release|Any CPU
		{BF26A7DD-C204-49D0-BDE1-8966F2E18331}.Release|x86.ActiveCfg = Release|x86
		{BF26A7DD-C204-49D0-BDE1-8966F2E18331}.Release|x86.Build.0 = Release|x86
		{7E86E2DE-C042-4BF0-9737-3FA32DD8351B}.Debug|Any CPU.ActiveCfg = Debug|Any CPU
		{7E86E2DE-C042-4BF0-9737-3FA32DD8351B}.Debug|Any CPU.Build.0 = Debug|Any CPU
		{7E86E2DE-C042-4BF0-9737-3FA32DD8351B}.Debug|x86.ActiveCfg = Debug|x86
		{7E86E2DE-C042-4BF0-9737-3FA32DD8351B}.Debug|x86.Build.0 = Debug|x86
		{7E86E2DE-C042-4BF0-9737-3FA32DD8351B}.Release|Any CPU.ActiveCfg = Release|Any CPU
		{7E86E2DE-C042-4BF0-9737-3FA32DD8351B}.Release|Any CPU.Build.0 = Release|Any CPU
		{7E86E2DE-C042-4BF0-9737-3FA32DD8351B}.Release|x86.ActiveCfg = Release|x86
		{7E86E2DE-C042-4BF0-9737-3FA32DD8351B}.Release|x86.Build.0 = Release|x86
		{81159BCD-C1EA-44A0-BD80-B51B0F165412}.Debug|Any CPU.ActiveCfg = Debug|Any CPU
		{81159BCD-C1EA-44A0-BD80-B51B0F165412}.Debug|Any CPU.Build.0 = Debug|Any CPU
		{81159BCD-C1EA-44A0-BD80-B51B0F165412}.Debug|x86.ActiveCfg = Debug|Any CPU
		{81159BCD-C1EA-44A0-BD80-B51B0F165412}.Debug|x86.Build.0 = Debug|Any CPU
		{81159BCD-C1EA-44A0-BD80-B51B0F165412}.Release|Any CPU.ActiveCfg = Release|Any CPU
		{81159BCD-C1EA-44A0-BD80-B51B0F165412}.Release|Any CPU.Build.0 = Release|Any CPU
		{81159BCD-C1EA-44A0-BD80-B51B0F165412}.Release|x86.ActiveCfg = Release|Any CPU
		{81159BCD-C1EA-44A0-BD80-B51B0F165412}.Release|x86.Build.0 = Release|Any CPU
		{76CD9193-00CA-4805-B0D8-40F95086FE29}.Debug|Any CPU.ActiveCfg = Debug|Any CPU
		{76CD9193-00CA-4805-B0D8-40F95086FE29}.Debug|Any CPU.Build.0 = Debug|Any CPU
		{76CD9193-00CA-4805-B0D8-40F95086FE29}.Debug|x86.ActiveCfg = Debug|x86
		{76CD9193-00CA-4805-B0D8-40F95086FE29}.Debug|x86.Build.0 = Debug|x86
		{76CD9193-00CA-4805-B0D8-40F95086FE29}.Release|Any CPU.ActiveCfg = Release|Any CPU
		{76CD9193-00CA-4805-B0D8-40F95086FE29}.Release|Any CPU.Build.0 = Release|Any CPU
		{76CD9193-00CA-4805-B0D8-40F95086FE29}.Release|x86.ActiveCfg = Release|x86
		{76CD9193-00CA-4805-B0D8-40F95086FE29}.Release|x86.Build.0 = Release|x86
		{DEA2F6B2-5DCD-46D5-94D8-922CEA6196E2}.Debug|Any CPU.ActiveCfg = Debug|Any CPU
		{DEA2F6B2-5DCD-46D5-94D8-922CEA6196E2}.Debug|Any CPU.Build.0 = Debug|Any CPU
		{DEA2F6B2-5DCD-46D5-94D8-922CEA6196E2}.Debug|x86.ActiveCfg = Debug|Any CPU
		{DEA2F6B2-5DCD-46D5-94D8-922CEA6196E2}.Debug|x86.Build.0 = Debug|Any CPU
		{DEA2F6B2-5DCD-46D5-94D8-922CEA6196E2}.Release|Any CPU.ActiveCfg = Release|Any CPU
		{DEA2F6B2-5DCD-46D5-94D8-922CEA6196E2}.Release|Any CPU.Build.0 = Release|Any CPU
		{DEA2F6B2-5DCD-46D5-94D8-922CEA6196E2}.Release|x86.ActiveCfg = Release|Any CPU
		{DEA2F6B2-5DCD-46D5-94D8-922CEA6196E2}.Release|x86.Build.0 = Release|Any CPU
		{BDF5A71F-B58C-48BC-AD2E-D8E611C342E9}.Debug|Any CPU.ActiveCfg = Debug|Any CPU
		{BDF5A71F-B58C-48BC-AD2E-D8E611C342E9}.Debug|Any CPU.Build.0 = Debug|Any CPU
		{BDF5A71F-B58C-48BC-AD2E-D8E611C342E9}.Debug|x86.ActiveCfg = Debug|x86
		{BDF5A71F-B58C-48BC-AD2E-D8E611C342E9}.Debug|x86.Build.0 = Debug|x86
		{BDF5A71F-B58C-48BC-AD2E-D8E611C342E9}.Release|Any CPU.ActiveCfg = Release|Any CPU
		{BDF5A71F-B58C-48BC-AD2E-D8E611C342E9}.Release|Any CPU.Build.0 = Release|Any CPU
		{BDF5A71F-B58C-48BC-AD2E-D8E611C342E9}.Release|x86.ActiveCfg = Release|x86
		{BDF5A71F-B58C-48BC-AD2E-D8E611C342E9}.Release|x86.Build.0 = Release|x86
		{0AAA83CA-0090-48BE-B5FD-988B381B2D2A}.Debug|Any CPU.ActiveCfg = Debug|Any CPU
		{0AAA83CA-0090-48BE-B5FD-988B381B2D2A}.Debug|Any CPU.Build.0 = Debug|Any CPU
		{0AAA83CA-0090-48BE-B5FD-988B381B2D2A}.Debug|x86.ActiveCfg = Debug|Any CPU
		{0AAA83CA-0090-48BE-B5FD-988B381B2D2A}.Debug|x86.Build.0 = Debug|Any CPU
		{0AAA83CA-0090-48BE-B5FD-988B381B2D2A}.Release|Any CPU.ActiveCfg = Release|Any CPU
		{0AAA83CA-0090-48BE-B5FD-988B381B2D2A}.Release|Any CPU.Build.0 = Release|Any CPU
		{0AAA83CA-0090-48BE-B5FD-988B381B2D2A}.Release|x86.ActiveCfg = Release|Any CPU
		{0AAA83CA-0090-48BE-B5FD-988B381B2D2A}.Release|x86.Build.0 = Release|Any CPU
		{68AB0487-DC99-42A6-933D-95D30CE0B418}.Debug|Any CPU.ActiveCfg = Debug|Any CPU
		{68AB0487-DC99-42A6-933D-95D30CE0B418}.Debug|Any CPU.Build.0 = Debug|Any CPU
		{68AB0487-DC99-42A6-933D-95D30CE0B418}.Debug|x86.ActiveCfg = Debug|x86
		{68AB0487-DC99-42A6-933D-95D30CE0B418}.Debug|x86.Build.0 = Debug|x86
		{68AB0487-DC99-42A6-933D-95D30CE0B418}.Release|Any CPU.ActiveCfg = Release|Any CPU
		{68AB0487-DC99-42A6-933D-95D30CE0B418}.Release|Any CPU.Build.0 = Release|Any CPU
		{68AB0487-DC99-42A6-933D-95D30CE0B418}.Release|x86.ActiveCfg = Release|x86
		{68AB0487-DC99-42A6-933D-95D30CE0B418}.Release|x86.Build.0 = Release|x86
		{4BB03078-F8BE-4F0E-88CC-24939EE750D2}.Debug|Any CPU.ActiveCfg = Debug|Any CPU
		{4BB03078-F8BE-4F0E-88CC-24939EE750D2}.Debug|Any CPU.Build.0 = Debug|Any CPU
		{4BB03078-F8BE-4F0E-88CC-24939EE750D2}.Debug|x86.ActiveCfg = Debug|Any CPU
		{4BB03078-F8BE-4F0E-88CC-24939EE750D2}.Debug|x86.Build.0 = Debug|Any CPU
		{4BB03078-F8BE-4F0E-88CC-24939EE750D2}.Release|Any CPU.ActiveCfg = Release|Any CPU
		{4BB03078-F8BE-4F0E-88CC-24939EE750D2}.Release|Any CPU.Build.0 = Release|Any CPU
		{4BB03078-F8BE-4F0E-88CC-24939EE750D2}.Release|x86.ActiveCfg = Release|Any CPU
		{4BB03078-F8BE-4F0E-88CC-24939EE750D2}.Release|x86.Build.0 = Release|Any CPU
		{28D3A313-5AFE-430F-B7A1-BA4512E7D695}.Debug|Any CPU.ActiveCfg = Debug|Any CPU
		{28D3A313-5AFE-430F-B7A1-BA4512E7D695}.Debug|Any CPU.Build.0 = Debug|Any CPU
		{28D3A313-5AFE-430F-B7A1-BA4512E7D695}.Debug|x86.ActiveCfg = Debug|x86
		{28D3A313-5AFE-430F-B7A1-BA4512E7D695}.Debug|x86.Build.0 = Debug|x86
		{28D3A313-5AFE-430F-B7A1-BA4512E7D695}.Release|Any CPU.ActiveCfg = Release|Any CPU
		{28D3A313-5AFE-430F-B7A1-BA4512E7D695}.Release|Any CPU.Build.0 = Release|Any CPU
		{28D3A313-5AFE-430F-B7A1-BA4512E7D695}.Release|x86.ActiveCfg = Release|x86
		{28D3A313-5AFE-430F-B7A1-BA4512E7D695}.Release|x86.Build.0 = Release|x86
		{65642FE3-9281-492A-ABBC-89C737F103C3}.Debug|Any CPU.ActiveCfg = Debug|Any CPU
		{65642FE3-9281-492A-ABBC-89C737F103C3}.Debug|Any CPU.Build.0 = Debug|Any CPU
		{65642FE3-9281-492A-ABBC-89C737F103C3}.Debug|x86.ActiveCfg = Debug|x86
		{65642FE3-9281-492A-ABBC-89C737F103C3}.Debug|x86.Build.0 = Debug|x86
		{65642FE3-9281-492A-ABBC-89C737F103C3}.Release|Any CPU.ActiveCfg = Release|Any CPU
		{65642FE3-9281-492A-ABBC-89C737F103C3}.Release|Any CPU.Build.0 = Release|Any CPU
		{65642FE3-9281-492A-ABBC-89C737F103C3}.Release|x86.ActiveCfg = Release|x86
		{65642FE3-9281-492A-ABBC-89C737F103C3}.Release|x86.Build.0 = Release|x86
		{7CACB82D-919D-4036-B4AC-32F313953E73}.Debug|Any CPU.ActiveCfg = Debug|Any CPU
		{7CACB82D-919D-4036-B4AC-32F313953E73}.Debug|Any CPU.Build.0 = Debug|Any CPU
		{7CACB82D-919D-4036-B4AC-32F313953E73}.Debug|x86.ActiveCfg = Debug|x86
		{7CACB82D-919D-4036-B4AC-32F313953E73}.Debug|x86.Build.0 = Debug|x86
		{7CACB82D-919D-4036-B4AC-32F313953E73}.Release|Any CPU.ActiveCfg = Release|Any CPU
		{7CACB82D-919D-4036-B4AC-32F313953E73}.Release|Any CPU.Build.0 = Release|Any CPU
		{7CACB82D-919D-4036-B4AC-32F313953E73}.Release|x86.ActiveCfg = Release|x86
		{7CACB82D-919D-4036-B4AC-32F313953E73}.Release|x86.Build.0 = Release|x86
		{2428CAA5-EDA4-44B5-A11D-2E8796D31D08}.Debug|Any CPU.ActiveCfg = Debug|Any CPU
		{2428CAA5-EDA4-44B5-A11D-2E8796D31D08}.Debug|Any CPU.Build.0 = Debug|Any CPU
		{2428CAA5-EDA4-44B5-A11D-2E8796D31D08}.Debug|x86.ActiveCfg = Debug|Any CPU
		{2428CAA5-EDA4-44B5-A11D-2E8796D31D08}.Debug|x86.Build.0 = Debug|Any CPU
		{2428CAA5-EDA4-44B5-A11D-2E8796D31D08}.Release|Any CPU.ActiveCfg = Release|Any CPU
		{2428CAA5-EDA4-44B5-A11D-2E8796D31D08}.Release|Any CPU.Build.0 = Release|Any CPU
		{2428CAA5-EDA4-44B5-A11D-2E8796D31D08}.Release|x86.ActiveCfg = Release|Any CPU
		{2428CAA5-EDA4-44B5-A11D-2E8796D31D08}.Release|x86.Build.0 = Release|Any CPU
		{C7AFAC56-2268-4A2C-BFBF-3192FCBA49F9}.Debug|Any CPU.ActiveCfg = Debug|Any CPU
		{C7AFAC56-2268-4A2C-BFBF-3192FCBA49F9}.Debug|Any CPU.Build.0 = Debug|Any CPU
		{C7AFAC56-2268-4A2C-BFBF-3192FCBA49F9}.Debug|x86.ActiveCfg = Debug|x86
		{C7AFAC56-2268-4A2C-BFBF-3192FCBA49F9}.Debug|x86.Build.0 = Debug|x86
		{C7AFAC56-2268-4A2C-BFBF-3192FCBA49F9}.Release|Any CPU.ActiveCfg = Release|Any CPU
		{C7AFAC56-2268-4A2C-BFBF-3192FCBA49F9}.Release|Any CPU.Build.0 = Release|Any CPU
		{C7AFAC56-2268-4A2C-BFBF-3192FCBA49F9}.Release|x86.ActiveCfg = Release|x86
		{C7AFAC56-2268-4A2C-BFBF-3192FCBA49F9}.Release|x86.Build.0 = Release|x86
		{4E664817-6367-424D-8950-7395E69716CA}.Debug|Any CPU.ActiveCfg = Debug|Any CPU
		{4E664817-6367-424D-8950-7395E69716CA}.Debug|Any CPU.Build.0 = Debug|Any CPU
		{4E664817-6367-424D-8950-7395E69716CA}.Debug|x86.ActiveCfg = Debug|Any CPU
		{4E664817-6367-424D-8950-7395E69716CA}.Debug|x86.Build.0 = Debug|Any CPU
		{4E664817-6367-424D-8950-7395E69716CA}.Release|Any CPU.ActiveCfg = Release|Any CPU
		{4E664817-6367-424D-8950-7395E69716CA}.Release|Any CPU.Build.0 = Release|Any CPU
		{4E664817-6367-424D-8950-7395E69716CA}.Release|x86.ActiveCfg = Release|Any CPU
		{4E664817-6367-424D-8950-7395E69716CA}.Release|x86.Build.0 = Release|Any CPU
		{866A768E-97A3-4E8C-985F-23F0A33B211F}.Debug|Any CPU.ActiveCfg = Debug|Any CPU
		{866A768E-97A3-4E8C-985F-23F0A33B211F}.Debug|Any CPU.Build.0 = Debug|Any CPU
		{866A768E-97A3-4E8C-985F-23F0A33B211F}.Debug|x86.ActiveCfg = Debug|x86
		{866A768E-97A3-4E8C-985F-23F0A33B211F}.Debug|x86.Build.0 = Debug|x86
		{866A768E-97A3-4E8C-985F-23F0A33B211F}.Release|Any CPU.ActiveCfg = Release|Any CPU
		{866A768E-97A3-4E8C-985F-23F0A33B211F}.Release|Any CPU.Build.0 = Release|Any CPU
		{866A768E-97A3-4E8C-985F-23F0A33B211F}.Release|x86.ActiveCfg = Release|x86
		{866A768E-97A3-4E8C-985F-23F0A33B211F}.Release|x86.Build.0 = Release|x86
		{BFF6C96C-9E92-4FC8-85B9-BBE9EDFD89CB}.Debug|Any CPU.ActiveCfg = Debug|Any CPU
		{BFF6C96C-9E92-4FC8-85B9-BBE9EDFD89CB}.Debug|Any CPU.Build.0 = Debug|Any CPU
		{BFF6C96C-9E92-4FC8-85B9-BBE9EDFD89CB}.Debug|x86.ActiveCfg = Debug|x86
		{BFF6C96C-9E92-4FC8-85B9-BBE9EDFD89CB}.Debug|x86.Build.0 = Debug|x86
		{BFF6C96C-9E92-4FC8-85B9-BBE9EDFD89CB}.Release|Any CPU.ActiveCfg = Release|Any CPU
		{BFF6C96C-9E92-4FC8-85B9-BBE9EDFD89CB}.Release|Any CPU.Build.0 = Release|Any CPU
		{BFF6C96C-9E92-4FC8-85B9-BBE9EDFD89CB}.Release|x86.ActiveCfg = Release|x86
		{BFF6C96C-9E92-4FC8-85B9-BBE9EDFD89CB}.Release|x86.Build.0 = Release|x86
		{0BE54D82-F4CA-4730-A259-114BFE9E018F}.Debug|Any CPU.ActiveCfg = Debug|Any CPU
		{0BE54D82-F4CA-4730-A259-114BFE9E018F}.Debug|Any CPU.Build.0 = Debug|Any CPU
		{0BE54D82-F4CA-4730-A259-114BFE9E018F}.Debug|x86.ActiveCfg = Debug|Any CPU
		{0BE54D82-F4CA-4730-A259-114BFE9E018F}.Debug|x86.Build.0 = Debug|Any CPU
		{0BE54D82-F4CA-4730-A259-114BFE9E018F}.Release|Any CPU.ActiveCfg = Release|Any CPU
		{0BE54D82-F4CA-4730-A259-114BFE9E018F}.Release|Any CPU.Build.0 = Release|Any CPU
		{0BE54D82-F4CA-4730-A259-114BFE9E018F}.Release|x86.ActiveCfg = Release|Any CPU
		{0BE54D82-F4CA-4730-A259-114BFE9E018F}.Release|x86.Build.0 = Release|Any CPU
	EndGlobalSection
	GlobalSection(SolutionProperties) = preSolution
		HideSolutionNode = FALSE
	EndGlobalSection
	GlobalSection(ExtensibilityGlobals) = postSolution
		SolutionGuid = {CF263F4F-C7CD-4934-BE18-212FC5FEF7AF}
		EnterpriseLibraryConfigurationToolBinariesPathV6 = packages\EnterpriseLibrary.Logging.6.0.1304.0\lib\NET45;packages\EnterpriseLibrary.Common.6.0.1304.0\lib\NET45
		EnterpriseLibraryConfigurationToolBinariesPath = packages\EnterpriseLibrary.Logging.5.0.505.1\lib\NET35;packages\Unity.2.1.505.0\lib\NET35;packages\Unity.Interception.2.1.505.0\lib\NET35;packages\EnterpriseLibrary.Common.5.0.505.0\lib\NET35
	EndGlobalSection
	GlobalSection(TeamFoundationVersionControl) = preSolution
		SccNumberOfProjects = 32
		SccEnterpriseProvider = {4CA58AB2-18FA-4F8D-95D4-32DDF27D184C}
		SccTeamFoundationServer = http://mmsdev2014:8080/tfs/primepos
		SccLocalPath0 = .
		SccProjectUniqueName1 = POS_Core_UI\\POS_Core_UI.csproj
		SccProjectName1 = POS_Core_UI
		SccLocalPath1 = POS_Core_UI
		SccProjectUniqueName2 = PrimePOS_Core\\POS_Core.csproj
		SccProjectName2 = PrimePOS_Core
		SccLocalPath2 = PrimePOS_Core
		SccProjectUniqueName3 = PrimePOS_Lite\\PrimePOS.csproj
		SccProjectName3 = PrimePOS_Lite
		SccLocalPath3 = PrimePOS_Lite
		SccProjectUniqueName4 = ResourceManager\\ResourceManager.csproj
		SccProjectName4 = ResourceManager
		SccLocalPath4 = ResourceManager
		SccProjectUniqueName5 = AppStarterPOS\\AppStarterPOS.csproj
		SccProjectName5 = AppStarterPOS
		SccLocalPath5 = AppStarterPOS
		SccProjectUniqueName6 = MMSAppUpdater\\MMSAppUpdater.csproj
		SccProjectName6 = MMSAppUpdater
		SccLocalPath6 = MMSAppUpdater
		SccProjectUniqueName7 = ..\\PharmData\\PharmData.csproj
		SccProjectName7 = ../PharmData
		SccLocalPath7 = ..\\PharmData
		SccProjectUniqueName8 = ..\\Vantiv\\Vantiv.csproj
		SccProjectName8 = ../Vantiv
		SccLocalPath8 = ..\\Vantiv
		SccProjectUniqueName9 = ..\\Elavon\\Elavon.csproj
		SccProjectName9 = ../Elavon
		SccLocalPath9 = ..\\Elavon
		SccProjectUniqueName10 = ..\\Evertech\\Evertech.csproj
		SccProjectName10 = ../Evertech
		SccLocalPath10 = ..\\Evertech
		SccProjectUniqueName11 = ..\\MMS.GlobalPayments.Api\\MMS.GlobalPayments.Api.csproj
		SccProjectName11 = ../MMS.GlobalPayments.Api
		SccLocalPath11 = ..\\MMS.GlobalPayments.Api
		SccProjectUniqueName12 = ..\\SigDiplay\\SigDiplay.csproj
		SccProjectName12 = ../SigDiplay
		SccLocalPath12 = ..\\SigDiplay
		SccProjectUniqueName13 = ..\\PrimeRxPayProcessor\\PrimeRxPayProcessor.csproj
		SccProjectName13 = ../PrimeRxPayProcessor
		SccLocalPath13 = ..\\PrimeRxPayProcessor
		SccProjectUniqueName14 = ..\\MMS.Device\\MMS.Device\\MMS.Device.csproj
		SccProjectName14 = ../MMS.Device/MMS.Device
		SccLocalPath14 = ..\\MMS.Device\\MMS.Device
		SccProjectUniqueName15 = ..\\PaySystem\\FirstMile\\FirstMile.csproj
		SccProjectName15 = ../PaySystem/FirstMile
		SccLocalPath15 = ..\\PaySystem\\FirstMile
		SccProjectUniqueName16 = ..\\PaySystem\\Devices\\EDevice.csproj
		SccProjectName16 = ../PaySystem/Devices
		SccLocalPath16 = ..\\PaySystem\\Devices
		SccProjectUniqueName17 = ..\\MMS.PAYMENTSVR\\MMS.EVERTEC\\MMS.EVERTEC.csproj
		SccProjectName17 = ../MMS.PAYMENTSVR/MMS.EVERTEC
		SccLocalPath17 = ..\\MMS.PAYMENTSVR\\MMS.EVERTEC
		SccProjectUniqueName18 = ..\\MMS.PAYMENTSVR\\MMS.HPS\\MMS.HPS.csproj
		SccProjectName18 = ../MMS.PAYMENTSVR/MMS.HPS
		SccLocalPath18 = ..\\MMS.PAYMENTSVR\\MMS.HPS
		SccProjectUniqueName19 = ..\\MMS.PAYMENTSVR\\MMS.HPSPAX\\MMS.HPSPAX.csproj
		SccProjectName19 = ../MMS.PAYMENTSVR/MMS.HPSPAX
		SccLocalPath19 = ..\\MMS.PAYMENTSVR\\MMS.HPSPAX
		SccProjectUniqueName20 = ..\\MMS.PAYMENTSVR\\MMS.PCCHARGE\\MMS.PCCHARGE.csproj
		SccProjectName20 = ../MMS.PAYMENTSVR/MMS.PCCHARGE
		SccLocalPath20 = ..\\MMS.PAYMENTSVR\\MMS.PCCHARGE
		SccProjectUniqueName21 = ..\\MMS.PAYMENTSVR\\MMS.PrimeRxPay\\MMS.PrimeRxPay.csproj
		SccProjectName21 = ../MMS.PAYMENTSVR/MMS.PrimeRxPay
		SccLocalPath21 = ..\\MMS.PAYMENTSVR\\MMS.PrimeRxPay
		SccProjectUniqueName22 = ..\\MMS.PAYMENTSVR\\MMS.PROCESSOR\\MMS.PROCESSOR.csproj
		SccProjectName22 = ../MMS.PAYMENTSVR/MMS.PROCESSOR
		SccLocalPath22 = ..\\MMS.PAYMENTSVR\\MMS.PROCESSOR
		SccProjectUniqueName23 = ..\\MMS.PAYMENTSVR\\MMS.Vantiv\\MMS.VANTIV.csproj
		SccProjectName23 = ../MMS.PAYMENTSVR/MMS.Vantiv
		SccLocalPath23 = ..\\MMS.PAYMENTSVR\\MMS.Vantiv
		SccProjectUniqueName24 = ..\\MMS.PAYMENTSVR\\MMS.XCHARGE\\MMS.XCHARGE.csproj
		SccProjectName24 = ../MMS.PAYMENTSVR/MMS.XCHARGE
		SccLocalPath24 = ..\\MMS.PAYMENTSVR\\MMS.XCHARGE
		SccProjectUniqueName25 = ..\\MMS.PAYMENTSVR\\MMS.XLINK\\MMS.XLINK.csproj
		SccProjectName25 = ../MMS.PAYMENTSVR/MMS.XLINK
		SccLocalPath25 = ..\\MMS.PAYMENTSVR\\MMS.XLINK
		SccProjectUniqueName26 = ..\\MMS.PAYMENTSVR\\PossqlData\\PossqlData.csproj
		SccProjectName26 = ../MMS.PAYMENTSVR/PossqlData
		SccLocalPath26 = ..\\MMS.PAYMENTSVR\\PossqlData
		SccProjectUniqueName27 = ..\\MMS.PAYMENTSVR\\Soltran\\Solutran.csproj
		SccProjectName27 = ../MMS.PAYMENTSVR/Soltran
		SccLocalPath27 = ..\\MMS.PAYMENTSVR\\Soltran
		SccProjectUniqueName28 = ..\\MMS.PAYMENTSVR\\MMS.PAYMENT\\MMS.PAYMENT.csproj
		SccProjectName28 = ../MMS.PAYMENTSVR/MMS.PAYMENT
		SccLocalPath28 = ..\\MMS.PAYMENTSVR\\MMS.PAYMENT
		SccProjectUniqueName29 = ..\\MMS.ELAVON\\MMS.ELAVON.csproj
		SccProjectName29 = ../MMS.ELAVON
		SccLocalPath29 = ..\\MMS.ELAVON
		SccProjectUniqueName30 = ..\\PaySystem\\Log.Net\\Log.Net.csproj
		SccProjectName30 = ../PaySystem/Log.Net
		SccLocalPath30 = ..\\PaySystem\\Log.Net
		SccProjectUniqueName31 = ..\\MMS.PAYMENTSVR\\AppLogger\\AppLogger.csproj
		SccProjectName31 = ../MMS.PAYMENTSVR/AppLogger
		SccLocalPath31 = ..\\MMS.PAYMENTSVR\\AppLogger
	EndGlobalSection
EndGlobal
